// !$*UTF8*$!
{
	archiveVersion = 1;
	classes = {
	};
	objectVersion = 56;
	objects = {

/* Begin PBXBuildFile section */
		69A5AE3C2B9619D700EFD045 /* main.cpp in Sources */ = {isa = PBXBuildFile; fileRef = 69A5AE3B2B9619D700EFD045 /* main.cpp */; };
		69A5AE442B961A2300EFD045 /* stack.cpp in Sources */ = {isa = PBXBuildFile; fileRef = 69A5AE422B961A2300EFD045 /* stack.cpp */; };
		69A5AE472B961E8B00EFD045 /* arrayStack.cpp in Sources */ = {isa = PBXBuildFile; fileRef = 69A5AE452B961E8B00EFD045 /* arrayStack.cpp */; };
		69A5AE4A2B96772000EFD045 /* TowerOfHanoi.cpp in Sources */ = {isa = PBXBuildFile; fileRef = 69A5AE482B96772000EFD045 /* TowerOfHanoi.cpp */; };
/* End PBXBuildFile section */

/* Begin PBXCopyFilesBuildPhase section */
		69A5AE362B9619D700EFD045 /* CopyFiles */ = {
			isa = PBXCopyFilesBuildPhase;
			buildActionMask = 2147483647;
			dstPath = /usr/share/man/man1/;
			dstSubfolderSpec = 0;
			files = (
			);
			runOnlyForDeploymentPostprocessing = 1;
		};
/* End PBXCopyFilesBuildPhase section */

/* Begin PBXFileReference section */
		69A5AE382B9619D700EFD045 /* Towers */ = {isa = PBXFileReference; explicitFileType = "compiled.mach-o.executable"; includeInIndex = 0; path = Towers; sourceTree = BUILT_PRODUCTS_DIR; };
		69A5AE3B2B9619D700EFD045 /* main.cpp */ = {isa = PBXFileReference; lastKnownFileType = sourcecode.cpp.cpp; path = main.cpp; sourceTree = "<group>"; };
		69A5AE422B961A2300EFD045 /* stack.cpp */ = {isa = PBXFileReference; lastKnownFileType = sourcecode.cpp.cpp; path = stack.cpp; sourceTree = "<group>"; };
		69A5AE432B961A2300EFD045 /* stack.hpp */ = {isa = PBXFileReference; lastKnownFileType = sourcecode.cpp.h; path = stack.hpp; sourceTree = "<group>"; };
		69A5AE452B961E8B00EFD045 /* arrayStack.cpp */ = {isa = PBXFileReference; lastKnownFileType = sourcecode.cpp.cpp; path = arrayStack.cpp; sourceTree = "<group>"; };
		69A5AE462B961E8B00EFD045 /* arrayStack.hpp */ = {isa = PBXFileReference; lastKnownFileType = sourcecode.cpp.h; path = arrayStack.hpp; sourceTree = "<group>"; };
		69A5AE482B96772000EFD045 /* TowerOfHanoi.cpp */ = {isa = PBXFileReference; lastKnownFileType = sourcecode.cpp.cpp; path = TowerOfHanoi.cpp; sourceTree = "<group>"; };
		69A5AE492B96772000EFD045 /* TowerOfHanoi.hpp */ = {isa = PBXFileReference; lastKnownFileType = sourcecode.cpp.h; path = TowerOfHanoi.hpp; sourceTree = "<group>"; };
/* End PBXFileReference section */

/* Begin PBXFrameworksBuildPhase section */
		69A5AE352B9619D700EFD045 /* Frameworks */ = {
			isa = PBXFrameworksBuildPhase;
			buildActionMask = 2147483647;
			files = (
			);
			runOnlyForDeploymentPostprocessing = 0;
		};
/* End PBXFrameworksBuildPhase section */

/* Begin PBXGroup section */
		69A5AE2F2B9619D700EFD045 = {
			isa = PBXGroup;
			children = (
				69A5AE3A2B9619D700EFD045 /* Towers */,
				69A5AE392B9619D700EFD045 /* Products */,
			);
			sourceTree = "<group>";
		};
		69A5AE392B9619D700EFD045 /* Products */ = {
			isa = PBXGroup;
			children = (
				69A5AE382B9619D700EFD045 /* Towers */,
			);
			name = Products;
			sourceTree = "<group>";
		};
		69A5AE3A2B9619D700EFD045 /* Towers */ = {
			isa = PBXGroup;
			children = (
				69A5AE3B2B9619D700EFD045 /* main.cpp */,
				69A5AE482B96772000EFD045 /* TowerOfHanoi.cpp */,
				69A5AE492B96772000EFD045 /* TowerOfHanoi.hpp */,
				69A5AE452B961E8B00EFD045 /* arrayStack.cpp */,
				69A5AE462B961E8B00EFD045 /* arrayStack.hpp */,
				69A5AE422B961A2300EFD045 /* stack.cpp */,
				69A5AE432B961A2300EFD045 /* stack.hpp */,
			);
			path = Towers;
			sourceTree = "<group>";
		};
/* End PBXGroup section */

/* Begin PBXNativeTarget section */
		69A5AE372B9619D700EFD045 /* Towers */ = {
			isa = PBXNativeTarget;
			buildConfigurationList = 69A5AE3F2B9619D700EFD045 /* Build configuration list for PBXNativeTarget "Towers" */;
			buildPhases = (
				69A5AE342B9619D700EFD045 /* Sources */,
				69A5AE352B9619D700EFD045 /* Frameworks */,
				69A5AE362B9619D700EFD045 /* CopyFiles */,
			);
			buildRules = (
			);
			dependencies = (
			);
			name = Towers;
			productName = Towers;
			productReference = 69A5AE382B9619D700EFD045 /* Towers */;
			productType = "com.apple.product-type.tool";
		};
/* End PBXNativeTarget section */

/* Begin PBXProject section */
		69A5AE302B9619D700EFD045 /* Project object */ = {
			isa = PBXProject;
			attributes = {
				BuildIndependentTargetsInParallel = 1;
				LastUpgradeCheck = 1520;
				TargetAttributes = {
					69A5AE372B9619D700EFD045 = {
						CreatedOnToolsVersion = 15.2;
					};
				};
			};
			buildConfigurationList = 69A5AE332B9619D700EFD045 /* Build configuration list for PBXProject "Towers" */;
			compatibilityVersion = "Xcode 14.0";
			developmentRegion = en;
			hasScannedForEncodings = 0;
			knownRegions = (
				en,
				Base,
			);
			mainGroup = 69A5AE2F2B9619D700EFD045;
			productRefGroup = 69A5AE392B9619D700EFD045 /* Products */;
			projectDirPath = "";
			projectRoot = "";
			targets = (
				69A5AE372B9619D700EFD045 /* Towers */,
			);
		};
/* End PBXProject section */

/* Begin PBXSourcesBuildPhase section */
		69A5AE342B9619D700EFD045 /* Sources */ = {
			isa = PBXSourcesBuildPhase;
			buildActionMask = 2147483647;
			files = (
				69A5AE442B961A2300EFD045 /* stack.cpp in Sources */,
				69A5AE3C2B9619D700EFD045 /* main.cpp in Sources */,
				69A5AE4A2B96772000EFD045 /* TowerOfHanoi.cpp in Sources */,
				69A5AE472B961E8B00EFD045 /* arrayStack.cpp in Sources */,
			);
			runOnlyForDeploymentPostprocessing = 0;
		};
/* End PBXSourcesBuildPhase section */

/* Begin XCBuildConfiguration section */
		69A5AE3D2B9619D700EFD045 /* Debug */ = {
			isa = XCBuildConfiguration;
			buildSettings = {
				ALWAYS_SEARCH_USER_PATHS = NO;
				ASSETCATALOG_COMPILER_GENERATE_SWIFT_ASSET_SYMBOL_EXTENSIONS = YES;
				CLANG_ANALYZER_NONNULL = YES;
				CLANG_ANALYZER_NUMBER_OBJECT_CONVERSION = YES_AGGRESSIVE;
				CLANG_CXX_LANGUAGE_STANDARD = "gnu++20";
				CLANG_ENABLE_MODULES = YES;
				CLANG_ENABLE_OBJC_ARC = YES;
				CLANG_ENABLE_OBJC_WEAK = YES;
				CLANG_WARN_BLOCK_CAPTURE_AUTORELEASING = YES;
				CLANG_WARN_BOOL_CONVERSION = YES;
				CLANG_WARN_COMMA = YES;
				CLANG_WARN_CONSTANT_CONVERSION = YES;
				CLANG_WARN_DEPRECATED_OBJC_IMPLEMENTATIONS = YES;
				CLANG_WARN_DIRECT_OBJC_ISA_USAGE = YES_ERROR;
				CLANG_WARN_DOCUMENTATION_COMMENTS = YES;
				CLANG_WARN_EMPTY_BODY = YES;
				CLANG_WARN_ENUM_CONVERSION = YES;
				CLANG_WARN_INFINITE_RECURSION = YES;
				CLANG_WARN_INT_CONVERSION = YES;
				CLANG_WARN_NON_LITERAL_NULL_CONVERSION = YES;
				CLANG_WARN_OBJC_IMPLICIT_RETAIN_SELF = YES;
				CLANG_WARN_OBJC_LITERAL_CONVERSION = YES;
				CLANG_WARN_OBJC_ROOT_CLASS = YES_ERROR;
				CLANG_WARN_QUOTED_INCLUDE_IN_FRAMEWORK_HEADER = YES;
				CLANG_WARN_RANGE_LOOP_ANALYSIS = YES;
				CLANG_WARN_STRICT_PROTOTYPES = YES;
				CLANG_WARN_SUSPICIOUS_MOVE = YES;
				CLANG_WARN_UNGUARDED_AVAILABILITY = YES_AGGRESSIVE;
				CLANG_WARN_UNREACHABLE_CODE = YES;
				CLANG_WARN__DUPLICATE_METHOD_MATCH = YES;
				COPY_PHASE_STRIP = NO;
				DEBUG_INFORMATION_FORMAT = dwarf;
				ENABLE_STRICT_OBJC_MSGSEND = YES;
				ENABLE_TESTABILITY = YES;
				ENABLE_USER_SCRIPT_SANDBOXING = YES;
				GCC_C_LANGUAGE_STANDARD = gnu17;
				GCC_DYNAMIC_NO_PIC = NO;
				GCC_NO_COMMON_BLOCKS = YES;
				GCC_OPTIMIZATION_LEVEL = 0;
				GCC_PREPROCESSOR_DEFINITIONS = (
					"DEBUG=1",
					"$(inherited)",
				);
				GCC_WARN_64_TO_32_BIT_CONVERSION = YES;
				GCC_WARN_ABOUT_RETURN_TYPE = YES_ERROR;
				GCC_WARN_UNDECLARED_SELECTOR = YES;
				GCC_WARN_UNINITIALIZED_AUTOS = YES_AGGRESSIVE;
				GCC_WARN_UNUSED_FUNCTION = YES;
				GCC_WARN_UNUSED_VARIABLE = YES;
				LOCALIZATION_PREFERS_STRING_CATALOGS = YES;
				MACOSX_DEPLOYMENT_TARGET = 14.2;
				MTL_ENABLE_DEBUG_INFO = INCLUDE_SOURCE;
				MTL_FAST_MATH = YES;
				ONLY_ACTIVE_ARCH = YES;
				SDKROOT = macosx;
			};
			name = Debug;
		};
		69A5AE3E2B9619D700EFD045 /* Release */ = {
			isa = XCBuildConfiguration;
			buildSettings = {
				ALWAYS_SEARCH_USER_PATHS = NO;
				ASSETCATALOG_COMPILER_GENERATE_SWIFT_ASSET_SYMBOL_EXTENSIONS = YES;
				CLANG_ANALYZER_NONNULL = YES;
				CLANG_ANALYZER_NUMBER_OBJECT_CONVERSION = YES_AGGRESSIVE;
				CLANG_CXX_LANGUAGE_STANDARD = "gnu++20";
				CLANG_ENABLE_MODULES = YES;
				CLANG_ENABLE_OBJC_ARC = YES;
				CLANG_ENABLE_OBJC_WEAK = YES;
				CLANG_WARN_BLOCK_CAPTURE_AUTORELEASING = YES;
				CLANG_WARN_BOOL_CONVERSION = YES;
				CLANG_WARN_COMMA = YES;
				CLANG_WARN_CONSTANT_CONVERSION = YES;
				CLANG_WARN_DEPRECATED_OBJC_IMPLEMENTATIONS = YES;
				CLANG_WARN_DIRECT_OBJC_ISA_USAGE = YES_ERROR;
				CLANG_WARN_DOCUMENTATION_COMMENTS = YES;
				CLANG_WARN_EMPTY_BODY = YES;
				CLANG_WARN_ENUM_CONVERSION = YES;
				CLANG_WARN_INFINITE_RECURSION = YES;
				CLANG_WARN_INT_CONVERSION = YES;
				CLANG_WARN_NON_LITERAL_NULL_CONVERSION = YES;
				CLANG_WARN_OBJC_IMPLICIT_RETAIN_SELF = YES;
				CLANG_WARN_OBJC_LITERAL_CONVERSION = YES;
				CLANG_WARN_OBJC_ROOT_CLASS = YES_ERROR;
				CLANG_WARN_QUOTED_INCLUDE_IN_FRAMEWORK_HEADER = YES;
				CLANG_WARN_RANGE_LOOP_ANALYSIS = YES;
				CLANG_WARN_STRICT_PROTOTYPES = YES;
				CLANG_WARN_SUSPICIOUS_MOVE = YES;
				CLANG_WARN_UNGUARDED_AVAILABILITY = YES_AGGRESSIVE;
				CLANG_WARN_UNREACHABLE_CODE = YES;
				CLANG_WARN__DUPLICATE_METHOD_MATCH = YES;
				COPY_PHASE_STRIP = NO;
				DEBUG_INFORMATION_FORMAT = "dwarf-with-dsym";
				ENABLE_NS_ASSERTIONS = NO;
				ENABLE_STRICT_OBJC_MSGSEND = YES;
				ENABLE_USER_SCRIPT_SANDBOXING = YES;
				GCC_C_LANGUAGE_STANDARD = gnu17;
				GCC_NO_COMMON_BLOCKS = YES;
				GCC_WARN_64_TO_32_BIT_CONVERSION = YES;
				GCC_WARN_ABOUT_RETURN_TYPE = YES_ERROR;
				GCC_WARN_UNDECLARED_SELECTOR = YES;
				GCC_WARN_UNINITIALIZED_AUTOS = YES_AGGRESSIVE;
				GCC_WARN_UNUSED_FUNCTION = YES;
				GCC_WARN_UNUSED_VARIABLE = YES;
				LOCALIZATION_PREFERS_STRING_CATALOGS = YES;
				MACOSX_DEPLOYMENT_TARGET = 14.2;
				MTL_ENABLE_DEBUG_INFO = NO;
				MTL_FAST_MATH = YES;
				SDKROOT = macosx;
			};
			name = Release;
		};
		69A5AE402B9619D700EFD045 /* Debug */ = {
			isa = XCBuildConfiguration;
			buildSettings = {
				CODE_SIGN_STYLE = Automatic;
				PRODUCT_NAME = "$(TARGET_NAME)";
			};
			name = Debug;
		};
		69A5AE412B9619D700EFD045 /* Release */ = {
			isa = XCBuildConfiguration;
			buildSettings = {
				CODE_SIGN_STYLE = Automatic;
				PRODUCT_NAME = "$(TARGET_NAME)";
			};
			name = Release;
		};
/* End XCBuildConfiguration section */

/* Begin XCConfigurationList section */
		69A5AE332B9619D700EFD045 /* Build configuration list for PBXProject "Towers" */ = {
			isa = XCConfigurationList;
			buildConfigurations = (
				69A5AE3D2B9619D700EFD045 /* Debug */,
				69A5AE3E2B9619D700EFD045 /* Release */,
			);
			defaultConfigurationIsVisible = 0;
			defaultConfigurationName = Release;
		};
		69A5AE3F2B9619D700EFD045 /* Build configuration list for PBXNativeTarget "Towers" */ = {
			isa = XCConfigurationList;
			buildConfigurations = (
				69A5AE402B9619D700EFD045 /* Debug */,
				69A5AE412B9619D700EFD045 /* Release */,
			);
			defaultConfigurationIsVisible = 0;
			defaultConfigurationName = Release;
		};
/* End XCConfigurationList section */
	};
	rootObject = 69A5AE302B9619D700EFD045 /* Project object */;
}
